
Microsoft Visual Studio Solution File, Format Version 12.00
# Visual Studio 15
VisualStudioVersion = 15.0.26730.16
MinimumVisualStudioVersion = 10.0.40219.1
Project("{FAE04EC0-301F-11D3-BF4B-00C04F79EFBC}") = "CertificateGeneration.NetCore", "CertificateGeneration.NetCore\CertificateGeneration.NetCore.csproj", "{B31ECF7D-DCFE-4665-83D9-47DA97E8449B}"
EndProject
Project("{FAE04EC0-301F-11D3-BF4B-00C04F79EFBC}") = "CertificateGenerationTests.NetCore", "CertificateGenerationTests.NetCore\CertificateGenerationTests.NetCore.csproj", "{C7B134BC-B46F-4C60-A206-F6F7F065D07F}"
EndProject
Global
	GlobalSection(SolutionConfigurationPlatforms) = preSolution
		Debug|Any CPU = Debug|Any CPU
		Release|Any CPU = Release|Any CPU
	EndGlobalSection
	GlobalSection(ProjectConfigurationPlatforms) = postSolution
		{B31ECF7D-DCFE-4665-83D9-47DA97E8449B}.Debug|Any CPU.ActiveCfg = Debug|Any CPU
		{B31ECF7D-DCFE-4665-83D9-47DA97E8449B}.Debug|Any CPU.Build.0 = Debug|Any CPU
		{B31ECF7D-DCFE-4665-83D9-47DA97E8449B}.Release|Any CPU.ActiveCfg = Release|Any CPU
		{B31ECF7D-DCFE-4665-83D9-47DA97E8449B}.Release|Any CPU.Build.0 = Release|Any CPU
		{C7B134BC-B46F-4C60-A206-F6F7F065D07F}.Debug|Any CPU.ActiveCfg = Debug|Any CPU
		{C7B134BC-B46F-4C60-A206-F6F7F065D07F}.Debug|Any CPU.Build.0 = Debug|Any CPU
		{C7B134BC-B46F-4C60-A206-F6F7F065D07F}.Release|Any CPU.ActiveCfg = Release|Any CPU
		{C7B134BC-B46F-4C60-A206-F6F7F065D07F}.Release|Any CPU.Build.0 = Release|Any CPU
	EndGlobalSection
	GlobalSection(SolutionProperties) = preSolution
		HideSolutionNode = FALSE
	EndGlobalSection
	GlobalSection(ExtensibilityGlobals) = postSolution
		SolutionGuid = {2F534268-11D6-48AF-BA89-B2472F811EB6}
	EndGlobalSection
EndGlobal
